
Microsoft Visual Studio Solution File, Format Version 12.00
# Visual Studio Version 17
VisualStudioVersion = 17.3.32929.385
MinimumVisualStudioVersion = 10.0.40219.1
Project("{FAE04EC0-301F-11D3-BF4B-00C04F79EFBC}") = "CodeTest", "CodeTest\CodeTest.csproj", "{84606F69-29E4-49FF-9C18-64FD178734EA}"
EndProject
Global
	GlobalSection(SolutionConfigurationPlatforms) = preSolution
		Debug|Any CPU = Debug|Any CPU
		Release|Any CPU = Release|Any CPU
	EndGlobalSection
	GlobalSection(ProjectConfigurationPlatforms) = postSolution
		{84606F69-29E4-49FF-9C18-64FD178734EA}.Debug|Any CPU.ActiveCfg = Debug|Any CPU
		{84606F69-29E4-49FF-9C18-64FD178734EA}.Debug|Any CPU.Build.0 = Debug|Any CPU
		{84606F69-29E4-49FF-9C18-64FD178734EA}.Release|Any CPU.ActiveCfg = Release|Any CPU
		{84606F69-29E4-49FF-9C18-64FD178734EA}.Release|Any CPU.Build.0 = Release|Any CPU
	EndGlobalSection
	GlobalSection(SolutionProperties) = preSolution
		HideSolutionNode = FALSE
	EndGlobalSection
	GlobalSection(ExtensibilityGlobals) = postSolution
		SolutionGuid = {213DF215-F28E-4DB5-8D87-5A3B590A3A5E}
	EndGlobalSection
EndGlobal
